<?xml version="1.0" encoding="utf-8"?>
<Project ToolsVersion="4.0" xmlns="http://schemas.microsoft.com/developer/msbuild/2003">
  <ItemGroup>
    <Filter Include="Source Files">
      <UniqueIdentifier>{14f2a70d-6a3a-47e0-83aa-9228bc4ec474}</UniqueIdentifier>
      <Extensions>cpp;c;cxx;rc;def;r;odl;idl;hpj;bat</Extensions>
    </Filter>
    <Filter Include="Header Files">
      <UniqueIdentifier>{688d874b-b8f1-4c2b-b806-811881735036}</UniqueIdentifier>
      <Extensions>h;hpp;hxx;hm;inl</Extensions>
    </Filter>
  </ItemGroup>
  <ItemGroup>
    <ClCompile Include="..\eb\libebutils\ebutils.c">
      <Filter>Source Files</Filter>
    </ClCompile>
    <ClCompile Include="..\eb\libebutils\getopt.c">
      <Filter>Source Files</Filter>
    </ClCompile>
    <ClCompile Include="..\eb\libebutils\getumask.c">
      <Filter>Source Files</Filter>
    </ClCompile>
    <ClCompile Include="..\eb\libebutils\makedir.c">
      <Filter>Source Files</Filter>
    </ClCompile>
    <ClCompile Include="..\eb\libebutils\puts_eucjp.c">
      <Filter>Source Files</Filter>
    </ClCompile>
    <ClCompile Include="..\eb\libebutils\samefile.c">
      <Filter>Source Files</Filter>
    </ClCompile>
    <ClCompile Include="..\eb\libebutils\strcasecmp.c">
      <Filter>Source Files</Filter>
    </ClCompile>
    <ClCompile Include="..\eb\libebutils\yesno.c">
      <Filter>Source Files</Filter>
    </ClCompile>
    <ClCompile Include="..\eb\libebutils\strlist.c">
      <Filter>Source Files</Filter>
    </ClCompile>
  </ItemGroup>
  <ItemGroup>
    <None Include="..\eb\libebutils\ebutils.h.in">
      <Filter>Source Files</Filter>
    </None>
    <None Include="..\eb\libebutils\getopt_long.pl">
      <Filter>Source Files</Filter>
    </None>
    <None Include="..\eb\libebutils\Makefile.am">
      <Filter>Source Files</Filter>
    </None>
    <None Include="..\eb\libebutils\Makefile.in">
      <Filter>Source Files</Filter>
    </None>
  </ItemGroup>
  <ItemGroup>
    <ClInclude Include="..\eb\libebutils\getopt.h">
      <Filter>Source Files</Filter>
    </ClInclude>
    <ClInclude Include="..\eb\libebutils\getumask.h">
      <Filter>Source Files</Filter>
    </ClInclude>
    <ClInclude Include="..\eb\libebutils\makedir.h">
      <Filter>Source Files</Filter>
    </ClInclude>
    <ClInclude Include="..\eb\libebutils\samefile.h">
      <Filter>Source Files</Filter>
    </ClInclude>
    <ClInclude Include="..\eb\libebutils\strlist.h">
      <Filter>Source Files</Filter>
    </ClInclude>
    <ClInclude Include="..\eb\libebutils\yesno.h">
      <Filter>Source Files</Filter>
    </ClInclude>
  </ItemGroup>
</Project>